// !$*UTF8*$!
{
	archiveVersion = 1;
	classes = {
	};
	objectVersion = 56;
	objects = {

/* Begin PBXBuildFile section */
		99AD47B32BF6F46700E9318E /* findPals Watch App.app in Embed Watch Content */ = {isa = PBXBuildFile; fileRef = 99AD47B22BF6F46700E9318E /* findPals Watch App.app */; settings = {ATTRIBUTES = (RemoveHeadersOnCopy, ); }; };
		99AD47B82BF6F46700E9318E /* findPalsApp.swift in Sources */ = {isa = PBXBuildFile; fileRef = 99AD47B72BF6F46700E9318E /* findPalsApp.swift */; };
		99AD47BA2BF6F46700E9318E /* RootView.swift in Sources */ = {isa = PBXBuildFile; fileRef = 99AD47B92BF6F46700E9318E /* RootView.swift */; };
		99AD47BC2BF6F46900E9318E /* Assets.xcassets in Resources */ = {isa = PBXBuildFile; fileRef = 99AD47BB2BF6F46900E9318E /* Assets.xcassets */; };
		99AD47BF2BF6F46900E9318E /* Preview Assets.xcassets in Resources */ = {isa = PBXBuildFile; fileRef = 99AD47BE2BF6F46900E9318E /* Preview Assets.xcassets */; };
		99F77E6B2BFEDD4B001313EC /* FindView.swift in Sources */ = {isa = PBXBuildFile; fileRef = 99F77E6A2BFEDD4B001313EC /* FindView.swift */; };
		99F77E6D2BFEE4B9001313EC /* FindButton.swift in Sources */ = {isa = PBXBuildFile; fileRef = 99F77E6C2BFEE4B9001313EC /* FindButton.swift */; };
		99F77E6F2BFEEB79001313EC /* ButtonStyle.swift in Sources */ = {isa = PBXBuildFile; fileRef = 99F77E6E2BFEEB79001313EC /* ButtonStyle.swift */; };
		99F77E712BFEEBBA001313EC /* SelectionButton.swift in Sources */ = {isa = PBXBuildFile; fileRef = 99F77E702BFEEBBA001313EC /* SelectionButton.swift */; };
		99F77E762BFEF021001313EC /* SmallButton.swift in Sources */ = {isa = PBXBuildFile; fileRef = 99F77E752BFEF021001313EC /* SmallButton.swift */; };
/* End PBXBuildFile section */

/* Begin PBXContainerItemProxy section */
		99AD47B42BF6F46700E9318E /* PBXContainerItemProxy */ = {
			isa = PBXContainerItemProxy;
			containerPortal = 99AD47A62BF6F46700E9318E /* Project object */;
			proxyType = 1;
			remoteGlobalIDString = 99AD47B12BF6F46700E9318E;
			remoteInfo = "findPals Watch App";
		};
/* End PBXContainerItemProxy section */

/* Begin PBXCopyFilesBuildPhase section */
		99AD47C52BF6F46900E9318E /* Embed Watch Content */ = {
			isa = PBXCopyFilesBuildPhase;
			buildActionMask = 2147483647;
			dstPath = "$(CONTENTS_FOLDER_PATH)/Watch";
			dstSubfolderSpec = 16;
			files = (
				99AD47B32BF6F46700E9318E /* findPals Watch App.app in Embed Watch Content */,
			);
			name = "Embed Watch Content";
			runOnlyForDeploymentPostprocessing = 0;
		};
/* End PBXCopyFilesBuildPhase section */

/* Begin PBXFileReference section */
		99AD47AC2BF6F46700E9318E /* findPals.app */ = {isa = PBXFileReference; explicitFileType = wrapper.application; includeInIndex = 0; path = findPals.app; sourceTree = BUILT_PRODUCTS_DIR; };
		99AD47B22BF6F46700E9318E /* findPals Watch App.app */ = {isa = PBXFileReference; explicitFileType = wrapper.application; includeInIndex = 0; path = "findPals Watch App.app"; sourceTree = BUILT_PRODUCTS_DIR; };
		99AD47B72BF6F46700E9318E /* findPalsApp.swift */ = {isa = PBXFileReference; lastKnownFileType = sourcecode.swift; path = findPalsApp.swift; sourceTree = "<group>"; };
		99AD47B92BF6F46700E9318E /* RootView.swift */ = {isa = PBXFileReference; lastKnownFileType = sourcecode.swift; path = RootView.swift; sourceTree = "<group>"; };
		99AD47BB2BF6F46900E9318E /* Assets.xcassets */ = {isa = PBXFileReference; lastKnownFileType = folder.assetcatalog; path = Assets.xcassets; sourceTree = "<group>"; };
		99AD47BE2BF6F46900E9318E /* Preview Assets.xcassets */ = {isa = PBXFileReference; lastKnownFileType = folder.assetcatalog; path = "Preview Assets.xcassets"; sourceTree = "<group>"; };
		99F77E6A2BFEDD4B001313EC /* FindView.swift */ = {isa = PBXFileReference; lastKnownFileType = sourcecode.swift; path = FindView.swift; sourceTree = "<group>"; };
		99F77E6C2BFEE4B9001313EC /* FindButton.swift */ = {isa = PBXFileReference; lastKnownFileType = sourcecode.swift; path = FindButton.swift; sourceTree = "<group>"; };
		99F77E6E2BFEEB79001313EC /* ButtonStyle.swift */ = {isa = PBXFileReference; lastKnownFileType = sourcecode.swift; path = ButtonStyle.swift; sourceTree = "<group>"; };
		99F77E702BFEEBBA001313EC /* SelectionButton.swift */ = {isa = PBXFileReference; lastKnownFileType = sourcecode.swift; path = SelectionButton.swift; sourceTree = "<group>"; };
		99F77E752BFEF021001313EC /* SmallButton.swift */ = {isa = PBXFileReference; lastKnownFileType = sourcecode.swift; path = SmallButton.swift; sourceTree = "<group>"; };
/* End PBXFileReference section */

/* Begin PBXFrameworksBuildPhase section */
		99AD47AF2BF6F46700E9318E /* Frameworks */ = {
			isa = PBXFrameworksBuildPhase;
			buildActionMask = 2147483647;
			files = (
			);
			runOnlyForDeploymentPostprocessing = 0;
		};
/* End PBXFrameworksBuildPhase section */

/* Begin PBXGroup section */
		99AD47A52BF6F46700E9318E = {
			isa = PBXGroup;
			children = (
				99AD47B62BF6F46700E9318E /* findPals Watch App */,
				99AD47AD2BF6F46700E9318E /* Products */,
			);
			sourceTree = "<group>";
		};
		99AD47AD2BF6F46700E9318E /* Products */ = {
			isa = PBXGroup;
			children = (
				99AD47AC2BF6F46700E9318E /* findPals.app */,
				99AD47B22BF6F46700E9318E /* findPals Watch App.app */,
			);
			name = Products;
			sourceTree = "<group>";
		};
		99AD47B62BF6F46700E9318E /* findPals Watch App */ = {
			isa = PBXGroup;
			children = (
				99F77E662BFEDC84001313EC /* Views */,
				99AD47B72BF6F46700E9318E /* findPalsApp.swift */,
				99AD47BB2BF6F46900E9318E /* Assets.xcassets */,
				99AD47BD2BF6F46900E9318E /* Preview Content */,
			);
			path = "findPals Watch App";
			sourceTree = "<group>";
		};
		99AD47BD2BF6F46900E9318E /* Preview Content */ = {
			isa = PBXGroup;
			children = (
				99AD47BE2BF6F46900E9318E /* Preview Assets.xcassets */,
			);
			path = "Preview Content";
			sourceTree = "<group>";
		};
		99F77E662BFEDC84001313EC /* Views */ = {
			isa = PBXGroup;
			children = (
				99AD47B92BF6F46700E9318E /* RootView.swift */,
				99F77E6A2BFEDD4B001313EC /* FindView.swift */,
				99F77E742BFEEC68001313EC /* Styles */,
				99F77E672BFEDCA4001313EC /* Components */,
			);
			path = Views;
			sourceTree = "<group>";
		};
		99F77E672BFEDCA4001313EC /* Components */ = {
			isa = PBXGroup;
			children = (
				99F77E752BFEF021001313EC /* SmallButton.swift */,
				99F77E6C2BFEE4B9001313EC /* FindButton.swift */,
				99F77E702BFEEBBA001313EC /* SelectionButton.swift */,
			);
			path = Components;
			sourceTree = "<group>";
		};
		99F77E742BFEEC68001313EC /* Styles */ = {
			isa = PBXGroup;
			children = (
				99F77E6E2BFEEB79001313EC /* ButtonStyle.swift */,
			);
			path = Styles;
			sourceTree = "<group>";
		};
/* End PBXGroup section */

/* Begin PBXNativeTarget section */
		99AD47AB2BF6F46700E9318E /* findPals */ = {
			isa = PBXNativeTarget;
			buildConfigurationList = 99AD47C62BF6F46900E9318E /* Build configuration list for PBXNativeTarget "findPals" */;
			buildPhases = (
				99AD47AA2BF6F46700E9318E /* Resources */,
				99AD47C52BF6F46900E9318E /* Embed Watch Content */,
			);
			buildRules = (
			);
			dependencies = (
				99AD47B52BF6F46700E9318E /* PBXTargetDependency */,
			);
			name = findPals;
			productName = findPals;
			productReference = 99AD47AC2BF6F46700E9318E /* findPals.app */;
			productType = "com.apple.product-type.application.watchapp2-container";
		};
		99AD47B12BF6F46700E9318E /* findPals Watch App */ = {
			isa = PBXNativeTarget;
			buildConfigurationList = 99AD47C22BF6F46900E9318E /* Build configuration list for PBXNativeTarget "findPals Watch App" */;
			buildPhases = (
				99AD47AE2BF6F46700E9318E /* Sources */,
				99AD47AF2BF6F46700E9318E /* Frameworks */,
				99AD47B02BF6F46700E9318E /* Resources */,
			);
			buildRules = (
			);
			dependencies = (
			);
			name = "findPals Watch App";
			productName = "findPals Watch App";
			productReference = 99AD47B22BF6F46700E9318E /* findPals Watch App.app */;
			productType = "com.apple.product-type.application";
		};
/* End PBXNativeTarget section */

/* Begin PBXProject section */
		99AD47A62BF6F46700E9318E /* Project object */ = {
			isa = PBXProject;
			attributes = {
				BuildIndependentTargetsInParallel = 1;
				LastSwiftUpdateCheck = 1520;
				LastUpgradeCheck = 1520;
				TargetAttributes = {
					99AD47AB2BF6F46700E9318E = {
						CreatedOnToolsVersion = 15.2;
					};
					99AD47B12BF6F46700E9318E = {
						CreatedOnToolsVersion = 15.2;
					};
				};
			};
			buildConfigurationList = 99AD47A92BF6F46700E9318E /* Build configuration list for PBXProject "findPals" */;
			compatibilityVersion = "Xcode 14.0";
			developmentRegion = en;
			hasScannedForEncodings = 0;
			knownRegions = (
				en,
				Base,
			);
			mainGroup = 99AD47A52BF6F46700E9318E;
			productRefGroup = 99AD47AD2BF6F46700E9318E /* Products */;
			projectDirPath = "";
			projectRoot = "";
			targets = (
				99AD47AB2BF6F46700E9318E /* findPals */,
				99AD47B12BF6F46700E9318E /* findPals Watch App */,
			);
		};
/* End PBXProject section */

/* Begin PBXResourcesBuildPhase section */
		99AD47AA2BF6F46700E9318E /* Resources */ = {
			isa = PBXResourcesBuildPhase;
			buildActionMask = 2147483647;
			files = (
			);
			runOnlyForDeploymentPostprocessing = 0;
		};
		99AD47B02BF6F46700E9318E /* Resources */ = {
			isa = PBXResourcesBuildPhase;
			buildActionMask = 2147483647;
			files = (
				99AD47BF2BF6F46900E9318E /* Preview Assets.xcassets in Resources */,
				99AD47BC2BF6F46900E9318E /* Assets.xcassets in Resources */,
			);
			runOnlyForDeploymentPostprocessing = 0;
		};
/* End PBXResourcesBuildPhase section */

/* Begin PBXSourcesBuildPhase section */
		99AD47AE2BF6F46700E9318E /* Sources */ = {
			isa = PBXSourcesBuildPhase;
			buildActionMask = 2147483647;
			files = (
				99AD47BA2BF6F46700E9318E /* RootView.swift in Sources */,
				99AD47B82BF6F46700E9318E /* findPalsApp.swift in Sources */,
				99F77E712BFEEBBA001313EC /* SelectionButton.swift in Sources */,
				99F77E6B2BFEDD4B001313EC /* FindView.swift in Sources */,
				99F77E6F2BFEEB79001313EC /* ButtonStyle.swift in Sources */,
				99F77E6D2BFEE4B9001313EC /* FindButton.swift in Sources */,
				99F77E762BFEF021001313EC /* SmallButton.swift in Sources */,
			);
			runOnlyForDeploymentPostprocessing = 0;
		};
/* End PBXSourcesBuildPhase section */

/* Begin PBXTargetDependency section */
		99AD47B52BF6F46700E9318E /* PBXTargetDependency */ = {
			isa = PBXTargetDependency;
			target = 99AD47B12BF6F46700E9318E /* findPals Watch App */;
			targetProxy = 99AD47B42BF6F46700E9318E /* PBXContainerItemProxy */;
		};
/* End PBXTargetDependency section */

/* Begin XCBuildConfiguration section */
		99AD47C02BF6F46900E9318E /* Debug */ = {
			isa = XCBuildConfiguration;
			buildSettings = {
				ALWAYS_SEARCH_USER_PATHS = NO;
				ASSETCATALOG_COMPILER_GENERATE_SWIFT_ASSET_SYMBOL_EXTENSIONS = YES;
				CLANG_ANALYZER_NONNULL = YES;
				CLANG_ANALYZER_NUMBER_OBJECT_CONVERSION = YES_AGGRESSIVE;
				CLANG_CXX_LANGUAGE_STANDARD = "gnu++20";
				CLANG_ENABLE_MODULES = YES;
				CLANG_ENABLE_OBJC_ARC = YES;
				CLANG_ENABLE_OBJC_WEAK = YES;
				CLANG_WARN_BLOCK_CAPTURE_AUTORELEASING = YES;
				CLANG_WARN_BOOL_CONVERSION = YES;
				CLANG_WARN_COMMA = YES;
				CLANG_WARN_CONSTANT_CONVERSION = YES;
				CLANG_WARN_DEPRECATED_OBJC_IMPLEMENTATIONS = YES;
				CLANG_WARN_DIRECT_OBJC_ISA_USAGE = YES_ERROR;
				CLANG_WARN_DOCUMENTATION_COMMENTS = YES;
				CLANG_WARN_EMPTY_BODY = YES;
				CLANG_WARN_ENUM_CONVERSION = YES;
				CLANG_WARN_INFINITE_RECURSION = YES;
				CLANG_WARN_INT_CONVERSION = YES;
				CLANG_WARN_NON_LITERAL_NULL_CONVERSION = YES;
				CLANG_WARN_OBJC_IMPLICIT_RETAIN_SELF = YES;
				CLANG_WARN_OBJC_LITERAL_CONVERSION = YES;
				CLANG_WARN_OBJC_ROOT_CLASS = YES_ERROR;
				CLANG_WARN_QUOTED_INCLUDE_IN_FRAMEWORK_HEADER = YES;
				CLANG_WARN_RANGE_LOOP_ANALYSIS = YES;
				CLANG_WARN_STRICT_PROTOTYPES = YES;
				CLANG_WARN_SUSPICIOUS_MOVE = YES;
				CLANG_WARN_UNGUARDED_AVAILABILITY = YES_AGGRESSIVE;
				CLANG_WARN_UNREACHABLE_CODE = YES;
				CLANG_WARN__DUPLICATE_METHOD_MATCH = YES;
				COPY_PHASE_STRIP = NO;
				DEBUG_INFORMATION_FORMAT = dwarf;
				ENABLE_STRICT_OBJC_MSGSEND = YES;
				ENABLE_TESTABILITY = YES;
				ENABLE_USER_SCRIPT_SANDBOXING = YES;
				GCC_C_LANGUAGE_STANDARD = gnu17;
				GCC_DYNAMIC_NO_PIC = NO;
				GCC_NO_COMMON_BLOCKS = YES;
				GCC_OPTIMIZATION_LEVEL = 0;
				GCC_PREPROCESSOR_DEFINITIONS = (
					"DEBUG=1",
					"$(inherited)",
				);
				GCC_WARN_64_TO_32_BIT_CONVERSION = YES;
				GCC_WARN_ABOUT_RETURN_TYPE = YES_ERROR;
				GCC_WARN_UNDECLARED_SELECTOR = YES;
				GCC_WARN_UNINITIALIZED_AUTOS = YES_AGGRESSIVE;
				GCC_WARN_UNUSED_FUNCTION = YES;
				GCC_WARN_UNUSED_VARIABLE = YES;
				LOCALIZATION_PREFERS_STRING_CATALOGS = YES;
				MTL_ENABLE_DEBUG_INFO = INCLUDE_SOURCE;
				MTL_FAST_MATH = YES;
				ONLY_ACTIVE_ARCH = YES;
				SWIFT_ACTIVE_COMPILATION_CONDITIONS = "DEBUG $(inherited)";
				SWIFT_OPTIMIZATION_LEVEL = "-Onone";
			};
			name = Debug;
		};
		99AD47C12BF6F46900E9318E /* Release */ = {
			isa = XCBuildConfiguration;
			buildSettings = {
				ALWAYS_SEARCH_USER_PATHS = NO;
				ASSETCATALOG_COMPILER_GENERATE_SWIFT_ASSET_SYMBOL_EXTENSIONS = YES;
				CLANG_ANALYZER_NONNULL = YES;
				CLANG_ANALYZER_NUMBER_OBJECT_CONVERSION = YES_AGGRESSIVE;
				CLANG_CXX_LANGUAGE_STANDARD = "gnu++20";
				CLANG_ENABLE_MODULES = YES;
				CLANG_ENABLE_OBJC_ARC = YES;
				CLANG_ENABLE_OBJC_WEAK = YES;
				CLANG_WARN_BLOCK_CAPTURE_AUTORELEASING = YES;
				CLANG_WARN_BOOL_CONVERSION = YES;
				CLANG_WARN_COMMA = YES;
				CLANG_WARN_CONSTANT_CONVERSION = YES;
				CLANG_WARN_DEPRECATED_OBJC_IMPLEMENTATIONS = YES;
				CLANG_WARN_DIRECT_OBJC_ISA_USAGE = YES_ERROR;
				CLANG_WARN_DOCUMENTATION_COMMENTS = YES;
				CLANG_WARN_EMPTY_BODY = YES;
				CLANG_WARN_ENUM_CONVERSION = YES;
				CLANG_WARN_INFINITE_RECURSION = YES;
				CLANG_WARN_INT_CONVERSION = YES;
				CLANG_WARN_NON_LITERAL_NULL_CONVERSION = YES;
				CLANG_WARN_OBJC_IMPLICIT_RETAIN_SELF = YES;
				CLANG_WARN_OBJC_LITERAL_CONVERSION = YES;
				CLANG_WARN_OBJC_ROOT_CLASS = YES_ERROR;
				CLANG_WARN_QUOTED_INCLUDE_IN_FRAMEWORK_HEADER = YES;
				CLANG_WARN_RANGE_LOOP_ANALYSIS = YES;
				CLANG_WARN_STRICT_PROTOTYPES = YES;
				CLANG_WARN_SUSPICIOUS_MOVE = YES;
				CLANG_WARN_UNGUARDED_AVAILABILITY = YES_AGGRESSIVE;
				CLANG_WARN_UNREACHABLE_CODE = YES;
				CLANG_WARN__DUPLICATE_METHOD_MATCH = YES;
				COPY_PHASE_STRIP = NO;
				DEBUG_INFORMATION_FORMAT = "dwarf-with-dsym";
				ENABLE_NS_ASSERTIONS = NO;
				ENABLE_STRICT_OBJC_MSGSEND = YES;
				ENABLE_USER_SCRIPT_SANDBOXING = YES;
				GCC_C_LANGUAGE_STANDARD = gnu17;
				GCC_NO_COMMON_BLOCKS = YES;
				GCC_WARN_64_TO_32_BIT_CONVERSION = YES;
				GCC_WARN_ABOUT_RETURN_TYPE = YES_ERROR;
				GCC_WARN_UNDECLARED_SELECTOR = YES;
				GCC_WARN_UNINITIALIZED_AUTOS = YES_AGGRESSIVE;
				GCC_WARN_UNUSED_FUNCTION = YES;
				GCC_WARN_UNUSED_VARIABLE = YES;
				LOCALIZATION_PREFERS_STRING_CATALOGS = YES;
				MTL_ENABLE_DEBUG_INFO = NO;
				MTL_FAST_MATH = YES;
				SWIFT_COMPILATION_MODE = wholemodule;
			};
			name = Release;
		};
		99AD47C32BF6F46900E9318E /* Debug */ = {
			isa = XCBuildConfiguration;
			buildSettings = {
				ASSETCATALOG_COMPILER_APPICON_NAME = AppIcon;
				ASSETCATALOG_COMPILER_GLOBAL_ACCENT_COLOR_NAME = AccentColor;
				CODE_SIGN_STYLE = Automatic;
				CURRENT_PROJECT_VERSION = 1;
				DEVELOPMENT_ASSET_PATHS = "\"findPals Watch App/Preview Content\"";
				DEVELOPMENT_TEAM = 5V847CY3JM;
				ENABLE_PREVIEWS = YES;
				GENERATE_INFOPLIST_FILE = YES;
				INFOPLIST_KEY_CFBundleDisplayName = findPals;
				INFOPLIST_KEY_UISupportedInterfaceOrientations = "UIInterfaceOrientationPortrait UIInterfaceOrientationPortraitUpsideDown";
				INFOPLIST_KEY_WKWatchOnly = YES;
				LD_RUNPATH_SEARCH_PATHS = (
					"$(inherited)",
					"@executable_path/Frameworks",
				);
				MARKETING_VERSION = 1.0;
				PRODUCT_BUNDLE_IDENTIFIER = com.br.findPals.watchkitapp;
				PRODUCT_NAME = "$(TARGET_NAME)";
				SDKROOT = watchos;
				SKIP_INSTALL = YES;
				SWIFT_EMIT_LOC_STRINGS = YES;
				SWIFT_VERSION = 5.0;
				TARGETED_DEVICE_FAMILY = 4;
				WATCHOS_DEPLOYMENT_TARGET = 10.2;
			};
			name = Debug;
		};
		99AD47C42BF6F46900E9318E /* Release */ = {
			isa = XCBuildConfiguration;
			buildSettings = {
				ASSETCATALOG_COMPILER_APPICON_NAME = AppIcon;
				ASSETCATALOG_COMPILER_GLOBAL_ACCENT_COLOR_NAME = AccentColor;
				CODE_SIGN_STYLE = Automatic;
				CURRENT_PROJECT_VERSION = 1;
				DEVELOPMENT_ASSET_PATHS = "\"findPals Watch App/Preview Content\"";
				DEVELOPMENT_TEAM = 5V847CY3JM;
				ENABLE_PREVIEWS = YES;
				GENERATE_INFOPLIST_FILE = YES;
				INFOPLIST_KEY_CFBundleDisplayName = findPals;
				INFOPLIST_KEY_UISupportedInterfaceOrientations = "UIInterfaceOrientationPortrait UIInterfaceOrientationPortraitUpsideDown";
				INFOPLIST_KEY_WKWatchOnly = YES;
				LD_RUNPATH_SEARCH_PATHS = (
					"$(inherited)",
					"@executable_path/Frameworks",
				);
				MARKETING_VERSION = 1.0;
				PRODUCT_BUNDLE_IDENTIFIER = com.br.findPals.watchkitapp;
				PRODUCT_NAME = "$(TARGET_NAME)";
				SDKROOT = watchos;
				SKIP_INSTALL = YES;
				SWIFT_EMIT_LOC_STRINGS = YES;
				SWIFT_VERSION = 5.0;
				TARGETED_DEVICE_FAMILY = 4;
				VALIDATE_PRODUCT = YES;
				WATCHOS_DEPLOYMENT_TARGET = 10.2;
			};
			name = Release;
		};
		99AD47C72BF6F46900E9318E /* Debug */ = {
			isa = XCBuildConfiguration;
			buildSettings = {
				ALWAYS_EMBED_SWIFT_STANDARD_LIBRARIES = YES;
				CODE_SIGN_STYLE = Automatic;
				CURRENT_PROJECT_VERSION = 1;
				DEVELOPMENT_TEAM = 5V847CY3JM;
				INFOPLIST_KEY_CFBundleDisplayName = findPals;
				MARKETING_VERSION = 1.0;
				PRODUCT_BUNDLE_IDENTIFIER = com.br.findPals;
				PRODUCT_NAME = "$(TARGET_NAME)";
				SDKROOT = iphoneos;
				SWIFT_VERSION = 5.0;
			};
			name = Debug;
		};
		99AD47C82BF6F46900E9318E /* Release */ = {
			isa = XCBuildConfiguration;
			buildSettings = {
				ALWAYS_EMBED_SWIFT_STANDARD_LIBRARIES = YES;
				CODE_SIGN_STYLE = Automatic;
				CURRENT_PROJECT_VERSION = 1;
				DEVELOPMENT_TEAM = 5V847CY3JM;
				INFOPLIST_KEY_CFBundleDisplayName = findPals;
				MARKETING_VERSION = 1.0;
				PRODUCT_BUNDLE_IDENTIFIER = com.br.findPals;
				PRODUCT_NAME = "$(TARGET_NAME)";
				SDKROOT = iphoneos;
				SWIFT_VERSION = 5.0;
				VALIDATE_PRODUCT = YES;
			};
			name = Release;
		};
/* End XCBuildConfiguration section */

/* Begin XCConfigurationList section */
		99AD47A92BF6F46700E9318E /* Build configuration list for PBXProject "findPals" */ = {
			isa = XCConfigurationList;
			buildConfigurations = (
				99AD47C02BF6F46900E9318E /* Debug */,
				99AD47C12BF6F46900E9318E /* Release */,
			);
			defaultConfigurationIsVisible = 0;
			defaultConfigurationName = Release;
		};
		99AD47C22BF6F46900E9318E /* Build configuration list for PBXNativeTarget "findPals Watch App" */ = {
			isa = XCConfigurationList;
			buildConfigurations = (
				99AD47C32BF6F46900E9318E /* Debug */,
				99AD47C42BF6F46900E9318E /* Release */,
			);
			defaultConfigurationIsVisible = 0;
			defaultConfigurationName = Release;
		};
		99AD47C62BF6F46900E9318E /* Build configuration list for PBXNativeTarget "findPals" */ = {
			isa = XCConfigurationList;
			buildConfigurations = (
				99AD47C72BF6F46900E9318E /* Debug */,
				99AD47C82BF6F46900E9318E /* Release */,
			);
			defaultConfigurationIsVisible = 0;
			defaultConfigurationName = Release;
		};
/* End XCConfigurationList section */
	};
	rootObject = 99AD47A62BF6F46700E9318E /* Project object */;
}
